
Microsoft Visual Studio Solution File, Format Version 12.00
# Visual Studio 15
VisualStudioVersion = 15.0.28307.421
MinimumVisualStudioVersion = 10.0.40219.1
Project("{FAE04EC0-301F-11D3-BF4B-00C04F79EFBC}") = "ElipticCurve3", "ElipticCurve3\ElipticCurve3.csproj", "{0829628D-B9D1-4C0D-81D3-772ED3D9F0C0}"
EndProject
Global
	GlobalSection(SolutionConfigurationPlatforms) = preSolution
		Debug|Any CPU = Debug|Any CPU
		Release|Any CPU = Release|Any CPU
	EndGlobalSection
	GlobalSection(ProjectConfigurationPlatforms) = postSolution
		{0829628D-B9D1-4C0D-81D3-772ED3D9F0C0}.Debug|Any CPU.ActiveCfg = Debug|Any CPU
		{0829628D-B9D1-4C0D-81D3-772ED3D9F0C0}.Debug|Any CPU.Build.0 = Debug|Any CPU
		{0829628D-B9D1-4C0D-81D3-772ED3D9F0C0}.Release|Any CPU.ActiveCfg = Release|Any CPU
		{0829628D-B9D1-4C0D-81D3-772ED3D9F0C0}.Release|Any CPU.Build.0 = Release|Any CPU
	EndGlobalSection
	GlobalSection(SolutionProperties) = preSolution
		HideSolutionNode = FALSE
	EndGlobalSection
	GlobalSection(ExtensibilityGlobals) = postSolution
		SolutionGuid = {A1BCFF9F-6426-4CCD-B91C-9DB777394A5E}
	EndGlobalSection
EndGlobal
